// !$*UTF8*$!
{
	archiveVersion = 1;
	classes = {
	};
	objectVersion = 51;
	objects = {

/* Begin PBXBuildFile section */
		0FF36DB1AD8F1BED0D9FDD51 /* Pods_PlayRTSP_Swift.framework in Frameworks */ = {isa = PBXBuildFile; fileRef = 441757BB1EFAE095BC28D529 /* Pods_PlayRTSP_Swift.framework */; };
		C086197A246FBC9D0018CFFC /* AppDelegate.swift in Sources */ = {isa = PBXBuildFile; fileRef = C0861979246FBC9D0018CFFC /* AppDelegate.swift */; };
		C086197E246FBC9D0018CFFC /* ViewController.swift in Sources */ = {isa = PBXBuildFile; fileRef = C086197D246FBC9D0018CFFC /* ViewController.swift */; };
		C0861981246FBC9D0018CFFC /* Main.storyboard in Resources */ = {isa = PBXBuildFile; fileRef = C086197F246FBC9D0018CFFC /* Main.storyboard */; };
		C0861983246FBC9E0018CFFC /* Assets.xcassets in Resources */ = {isa = PBXBuildFile; fileRef = C0861982246FBC9E0018CFFC /* Assets.xcassets */; };
		C0861986246FBC9E0018CFFC /* LaunchScreen.storyboard in Resources */ = {isa = PBXBuildFile; fileRef = C0861984246FBC9E0018CFFC /* LaunchScreen.storyboard */; };
		C0861997246FBDB50018CFFC /* CALayer+.swift in Sources */ = {isa = PBXBuildFile; fileRef = C0861996246FBDB50018CFFC /* CALayer+.swift */; };
		C0861999246FBE1A0018CFFC /* UICollectionView+.swift in Sources */ = {isa = PBXBuildFile; fileRef = C0861998246FBE1A0018CFFC /* UICollectionView+.swift */; };
		C086199B246FBE3E0018CFFC /* UIImage+.swift in Sources */ = {isa = PBXBuildFile; fileRef = C086199A246FBE3E0018CFFC /* UIImage+.swift */; };
		C086199D246FBE5A0018CFFC /* UIView+.swift in Sources */ = {isa = PBXBuildFile; fileRef = C086199C246FBE5A0018CFFC /* UIView+.swift */; };
		C086199F246FBE740018CFFC /* UIViewController+.swift in Sources */ = {isa = PBXBuildFile; fileRef = C086199E246FBE740018CFFC /* UIViewController+.swift */; };
		C08619A1246FBE940018CFFC /* NibLoadable.swift in Sources */ = {isa = PBXBuildFile; fileRef = C08619A0246FBE940018CFFC /* NibLoadable.swift */; };
		C08619A3246FBEAD0018CFFC /* Path.swift in Sources */ = {isa = PBXBuildFile; fileRef = C08619A2246FBEAD0018CFFC /* Path.swift */; };
		C08619A5246FBEBD0018CFFC /* SegueHandlerType.swift in Sources */ = {isa = PBXBuildFile; fileRef = C08619A4246FBEBD0018CFFC /* SegueHandlerType.swift */; };
		C08619A7246FBED60018CFFC /* ThemeAdopting.swift in Sources */ = {isa = PBXBuildFile; fileRef = C08619A6246FBED60018CFFC /* ThemeAdopting.swift */; };
		C08619A9246FBF180018CFFC /* RTSPListViewController.swift in Sources */ = {isa = PBXBuildFile; fileRef = C08619A8246FBF180018CFFC /* RTSPListViewController.swift */; };
		C08619AB246FBF2C0018CFFC /* RTSPViewController.swift in Sources */ = {isa = PBXBuildFile; fileRef = C08619AA246FBF2C0018CFFC /* RTSPViewController.swift */; };
		C08619AD246FBF9E0018CFFC /* RTSPView.swift in Sources */ = {isa = PBXBuildFile; fileRef = C08619AC246FBF9E0018CFFC /* RTSPView.swift */; };
		C08619AF246FBFB30018CFFC /* RTSPView.xib in Resources */ = {isa = PBXBuildFile; fileRef = C08619AE246FBFB30018CFFC /* RTSPView.xib */; };
		C08619B1246FBFCF0018CFFC /* RTSPViewCell.swift in Sources */ = {isa = PBXBuildFile; fileRef = C08619B0246FBFCF0018CFFC /* RTSPViewCell.swift */; };
		C08619B3246FBFE90018CFFC /* XButton.swift in Sources */ = {isa = PBXBuildFile; fileRef = C08619B2246FBFE90018CFFC /* XButton.swift */; };
		C08619B5246FC1950018CFFC /* GlobalConstants.swift in Sources */ = {isa = PBXBuildFile; fileRef = C08619B4246FC1950018CFFC /* GlobalConstants.swift */; };
		C08619B7246FC2D10018CFFC /* RealmProvider.swift in Sources */ = {isa = PBXBuildFile; fileRef = C08619B6246FC2D10018CFFC /* RealmProvider.swift */; };
		C08619BB246FC31C0018CFFC /* RTSPItem.swift in Sources */ = {isa = PBXBuildFile; fileRef = C08619BA246FC31C0018CFFC /* RTSPItem.swift */; };
		C08619BD246FC33A0018CFFC /* RxModel.swift in Sources */ = {isa = PBXBuildFile; fileRef = C08619BC246FC33A0018CFFC /* RxModel.swift */; };
		C08619BF246FC3520018CFFC /* RTSPItemModel.swift in Sources */ = {isa = PBXBuildFile; fileRef = C08619BE246FC3520018CFFC /* RTSPItemModel.swift */; };
		C08619C1246FC70F0018CFFC /* IJKMediaItem.swift in Sources */ = {isa = PBXBuildFile; fileRef = C08619C0246FC70F0018CFFC /* IJKMediaItem.swift */; };
		C08619C3246FC7330018CFFC /* IJKMediaService.swift in Sources */ = {isa = PBXBuildFile; fileRef = C08619C2246FC7330018CFFC /* IJKMediaService.swift */; };
		C08619C5246FC78D0018CFFC /* IJKMediaFramework.framework in Frameworks */ = {isa = PBXBuildFile; fileRef = C08619C4246FC78D0018CFFC /* IJKMediaFramework.framework */; };
		C08619C6246FC78D0018CFFC /* IJKMediaFramework.framework in Embed Frameworks */ = {isa = PBXBuildFile; fileRef = C08619C4246FC78D0018CFFC /* IJKMediaFramework.framework */; settings = {ATTRIBUTES = (CodeSignOnCopy, RemoveHeadersOnCopy, ); }; };
		C08619CB246FC7B90018CFFC /* VideoToolbox.framework in Frameworks */ = {isa = PBXBuildFile; fileRef = C08619CA246FC7B90018CFFC /* VideoToolbox.framework */; };
		C08619CD246FC7C20018CFFC /* QuartzCore.framework in Frameworks */ = {isa = PBXBuildFile; fileRef = C08619CC246FC7C20018CFFC /* QuartzCore.framework */; };
		C08619CF246FC7CB0018CFFC /* OpenGLES.framework in Frameworks */ = {isa = PBXBuildFile; fileRef = C08619CE246FC7CB0018CFFC /* OpenGLES.framework */; };
		C08619D1246FC7D40018CFFC /* MobileCoreServices.framework in Frameworks */ = {isa = PBXBuildFile; fileRef = C08619D0246FC7D40018CFFC /* MobileCoreServices.framework */; };
		C08619D3246FC7DD0018CFFC /* MediaPlayer.framework in Frameworks */ = {isa = PBXBuildFile; fileRef = C08619D2246FC7DD0018CFFC /* MediaPlayer.framework */; };
		C08619D5246FC7E50018CFFC /* CoreVideo.framework in Frameworks */ = {isa = PBXBuildFile; fileRef = C08619D4246FC7E50018CFFC /* CoreVideo.framework */; };
		C08619D7246FC7EE0018CFFC /* CoreMedia.framework in Frameworks */ = {isa = PBXBuildFile; fileRef = C08619D6246FC7EE0018CFFC /* CoreMedia.framework */; };
		C08619D9246FC7F70018CFFC /* CoreGraphics.framework in Frameworks */ = {isa = PBXBuildFile; fileRef = C08619D8246FC7F60018CFFC /* CoreGraphics.framework */; };
		C08619DB246FC7FE0018CFFC /* AVFoundation.framework in Frameworks */ = {isa = PBXBuildFile; fileRef = C08619DA246FC7FE0018CFFC /* AVFoundation.framework */; };
		C08619DD246FC8060018CFFC /* AudioToolbox.framework in Frameworks */ = {isa = PBXBuildFile; fileRef = C08619DC246FC8060018CFFC /* AudioToolbox.framework */; };
/* End PBXBuildFile section */

/* Begin PBXCopyFilesBuildPhase section */
		C08619C7246FC78D0018CFFC /* Embed Frameworks */ = {
			isa = PBXCopyFilesBuildPhase;
			buildActionMask = 2147483647;
			dstPath = "";
			dstSubfolderSpec = 10;
			files = (
				C08619C6246FC78D0018CFFC /* IJKMediaFramework.framework in Embed Frameworks */,
			);
			name = "Embed Frameworks";
			runOnlyForDeploymentPostprocessing = 0;
		};
/* End PBXCopyFilesBuildPhase section */

/* Begin PBXFileReference section */
		441757BB1EFAE095BC28D529 /* Pods_PlayRTSP_Swift.framework */ = {isa = PBXFileReference; explicitFileType = wrapper.framework; includeInIndex = 0; path = Pods_PlayRTSP_Swift.framework; sourceTree = BUILT_PRODUCTS_DIR; };
		991592DED1F0B82718E988F8 /* Pods-PlayRTSP_Swift.release.xcconfig */ = {isa = PBXFileReference; includeInIndex = 1; lastKnownFileType = text.xcconfig; name = "Pods-PlayRTSP_Swift.release.xcconfig"; path = "Target Support Files/Pods-PlayRTSP_Swift/Pods-PlayRTSP_Swift.release.xcconfig"; sourceTree = "<group>"; };
		B2CD5EE45B856AA749E2103C /* Pods-PlayRTSP_Swift.debug.xcconfig */ = {isa = PBXFileReference; includeInIndex = 1; lastKnownFileType = text.xcconfig; name = "Pods-PlayRTSP_Swift.debug.xcconfig"; path = "Target Support Files/Pods-PlayRTSP_Swift/Pods-PlayRTSP_Swift.debug.xcconfig"; sourceTree = "<group>"; };
		C0861976246FBC9D0018CFFC /* PlayRTSP_Swift.app */ = {isa = PBXFileReference; explicitFileType = wrapper.application; includeInIndex = 0; path = PlayRTSP_Swift.app; sourceTree = BUILT_PRODUCTS_DIR; };
		C0861979246FBC9D0018CFFC /* AppDelegate.swift */ = {isa = PBXFileReference; lastKnownFileType = sourcecode.swift; path = AppDelegate.swift; sourceTree = "<group>"; };
		C086197D246FBC9D0018CFFC /* ViewController.swift */ = {isa = PBXFileReference; lastKnownFileType = sourcecode.swift; path = ViewController.swift; sourceTree = "<group>"; };
		C0861980246FBC9D0018CFFC /* Base */ = {isa = PBXFileReference; lastKnownFileType = file.storyboard; name = Base; path = Base.lproj/Main.storyboard; sourceTree = "<group>"; };
		C0861982246FBC9E0018CFFC /* Assets.xcassets */ = {isa = PBXFileReference; lastKnownFileType = folder.assetcatalog; path = Assets.xcassets; sourceTree = "<group>"; };
		C0861985246FBC9E0018CFFC /* Base */ = {isa = PBXFileReference; lastKnownFileType = file.storyboard; name = Base; path = Base.lproj/LaunchScreen.storyboard; sourceTree = "<group>"; };
		C0861987246FBC9E0018CFFC /* Info.plist */ = {isa = PBXFileReference; lastKnownFileType = text.plist.xml; path = Info.plist; sourceTree = "<group>"; };
		C0861996246FBDB50018CFFC /* CALayer+.swift */ = {isa = PBXFileReference; lastKnownFileType = sourcecode.swift; path = "CALayer+.swift"; sourceTree = "<group>"; };
		C0861998246FBE1A0018CFFC /* UICollectionView+.swift */ = {isa = PBXFileReference; lastKnownFileType = sourcecode.swift; path = "UICollectionView+.swift"; sourceTree = "<group>"; };
		C086199A246FBE3E0018CFFC /* UIImage+.swift */ = {isa = PBXFileReference; lastKnownFileType = sourcecode.swift; path = "UIImage+.swift"; sourceTree = "<group>"; };
		C086199C246FBE5A0018CFFC /* UIView+.swift */ = {isa = PBXFileReference; lastKnownFileType = sourcecode.swift; path = "UIView+.swift"; sourceTree = "<group>"; };
		C086199E246FBE740018CFFC /* UIViewController+.swift */ = {isa = PBXFileReference; lastKnownFileType = sourcecode.swift; path = "UIViewController+.swift"; sourceTree = "<group>"; };
		C08619A0246FBE940018CFFC /* NibLoadable.swift */ = {isa = PBXFileReference; lastKnownFileType = sourcecode.swift; path = NibLoadable.swift; sourceTree = "<group>"; };
		C08619A2246FBEAD0018CFFC /* Path.swift */ = {isa = PBXFileReference; lastKnownFileType = sourcecode.swift; path = Path.swift; sourceTree = "<group>"; };
		C08619A4246FBEBD0018CFFC /* SegueHandlerType.swift */ = {isa = PBXFileReference; lastKnownFileType = sourcecode.swift; path = SegueHandlerType.swift; sourceTree = "<group>"; };
		C08619A6246FBED60018CFFC /* ThemeAdopting.swift */ = {isa = PBXFileReference; lastKnownFileType = sourcecode.swift; path = ThemeAdopting.swift; sourceTree = "<group>"; };
		C08619A8246FBF180018CFFC /* RTSPListViewController.swift */ = {isa = PBXFileReference; lastKnownFileType = sourcecode.swift; path = RTSPListViewController.swift; sourceTree = "<group>"; };
		C08619AA246FBF2C0018CFFC /* RTSPViewController.swift */ = {isa = PBXFileReference; lastKnownFileType = sourcecode.swift; path = RTSPViewController.swift; sourceTree = "<group>"; };
		C08619AC246FBF9E0018CFFC /* RTSPView.swift */ = {isa = PBXFileReference; lastKnownFileType = sourcecode.swift; path = RTSPView.swift; sourceTree = "<group>"; };
		C08619AE246FBFB30018CFFC /* RTSPView.xib */ = {isa = PBXFileReference; fileEncoding = 4; lastKnownFileType = file.xib; path = RTSPView.xib; sourceTree = "<group>"; };
		C08619B0246FBFCF0018CFFC /* RTSPViewCell.swift */ = {isa = PBXFileReference; lastKnownFileType = sourcecode.swift; path = RTSPViewCell.swift; sourceTree = "<group>"; };
		C08619B2246FBFE90018CFFC /* XButton.swift */ = {isa = PBXFileReference; lastKnownFileType = sourcecode.swift; path = XButton.swift; sourceTree = "<group>"; };
		C08619B4246FC1950018CFFC /* GlobalConstants.swift */ = {isa = PBXFileReference; lastKnownFileType = sourcecode.swift; path = GlobalConstants.swift; sourceTree = "<group>"; };
		C08619B6246FC2D10018CFFC /* RealmProvider.swift */ = {isa = PBXFileReference; lastKnownFileType = sourcecode.swift; path = RealmProvider.swift; sourceTree = "<group>"; };
		C08619BA246FC31C0018CFFC /* RTSPItem.swift */ = {isa = PBXFileReference; lastKnownFileType = sourcecode.swift; path = RTSPItem.swift; sourceTree = "<group>"; };
		C08619BC246FC33A0018CFFC /* RxModel.swift */ = {isa = PBXFileReference; lastKnownFileType = sourcecode.swift; path = RxModel.swift; sourceTree = "<group>"; };
		C08619BE246FC3520018CFFC /* RTSPItemModel.swift */ = {isa = PBXFileReference; lastKnownFileType = sourcecode.swift; path = RTSPItemModel.swift; sourceTree = "<group>"; };
		C08619C0246FC70F0018CFFC /* IJKMediaItem.swift */ = {isa = PBXFileReference; lastKnownFileType = sourcecode.swift; path = IJKMediaItem.swift; sourceTree = "<group>"; };
		C08619C2246FC7330018CFFC /* IJKMediaService.swift */ = {isa = PBXFileReference; lastKnownFileType = sourcecode.swift; path = IJKMediaService.swift; sourceTree = "<group>"; };
		C08619C4246FC78D0018CFFC /* IJKMediaFramework.framework */ = {isa = PBXFileReference; lastKnownFileType = wrapper.framework; path = IJKMediaFramework.framework; sourceTree = "<group>"; };
		C08619C8246FC7A00018CFFC /* libbz2.tbd */ = {isa = PBXFileReference; lastKnownFileType = "sourcecode.text-based-dylib-definition"; name = libbz2.tbd; path = usr/lib/libbz2.tbd; sourceTree = SDKROOT; };
		C08619C9246FC7A80018CFFC /* libz.tbd */ = {isa = PBXFileReference; lastKnownFileType = "sourcecode.text-based-dylib-definition"; name = libz.tbd; path = usr/lib/libz.tbd; sourceTree = SDKROOT; };
		C08619CA246FC7B90018CFFC /* VideoToolbox.framework */ = {isa = PBXFileReference; lastKnownFileType = wrapper.framework; name = VideoToolbox.framework; path = System/Library/Frameworks/VideoToolbox.framework; sourceTree = SDKROOT; };
		C08619CC246FC7C20018CFFC /* QuartzCore.framework */ = {isa = PBXFileReference; lastKnownFileType = wrapper.framework; name = QuartzCore.framework; path = System/Library/Frameworks/QuartzCore.framework; sourceTree = SDKROOT; };
		C08619CE246FC7CB0018CFFC /* OpenGLES.framework */ = {isa = PBXFileReference; lastKnownFileType = wrapper.framework; name = OpenGLES.framework; path = System/Library/Frameworks/OpenGLES.framework; sourceTree = SDKROOT; };
		C08619D0246FC7D40018CFFC /* MobileCoreServices.framework */ = {isa = PBXFileReference; lastKnownFileType = wrapper.framework; name = MobileCoreServices.framework; path = System/Library/Frameworks/MobileCoreServices.framework; sourceTree = SDKROOT; };
		C08619D2246FC7DD0018CFFC /* MediaPlayer.framework */ = {isa = PBXFileReference; lastKnownFileType = wrapper.framework; name = MediaPlayer.framework; path = System/Library/Frameworks/MediaPlayer.framework; sourceTree = SDKROOT; };
		C08619D4246FC7E50018CFFC /* CoreVideo.framework */ = {isa = PBXFileReference; lastKnownFileType = wrapper.framework; name = CoreVideo.framework; path = System/Library/Frameworks/CoreVideo.framework; sourceTree = SDKROOT; };
		C08619D6246FC7EE0018CFFC /* CoreMedia.framework */ = {isa = PBXFileReference; lastKnownFileType = wrapper.framework; name = CoreMedia.framework; path = System/Library/Frameworks/CoreMedia.framework; sourceTree = SDKROOT; };
		C08619D8246FC7F60018CFFC /* CoreGraphics.framework */ = {isa = PBXFileReference; lastKnownFileType = wrapper.framework; name = CoreGraphics.framework; path = System/Library/Frameworks/CoreGraphics.framework; sourceTree = SDKROOT; };
		C08619DA246FC7FE0018CFFC /* AVFoundation.framework */ = {isa = PBXFileReference; lastKnownFileType = wrapper.framework; name = AVFoundation.framework; path = System/Library/Frameworks/AVFoundation.framework; sourceTree = SDKROOT; };
		C08619DC246FC8060018CFFC /* AudioToolbox.framework */ = {isa = PBXFileReference; lastKnownFileType = wrapper.framework; name = AudioToolbox.framework; path = System/Library/Frameworks/AudioToolbox.framework; sourceTree = SDKROOT; };
/* End PBXFileReference section */

/* Begin PBXFrameworksBuildPhase section */
		C0861973246FBC9D0018CFFC /* Frameworks */ = {
			isa = PBXFrameworksBuildPhase;
			buildActionMask = 2147483647;
			files = (
				C08619CF246FC7CB0018CFFC /* OpenGLES.framework in Frameworks */,
				C08619CD246FC7C20018CFFC /* QuartzCore.framework in Frameworks */,
				C08619DB246FC7FE0018CFFC /* AVFoundation.framework in Frameworks */,
				0FF36DB1AD8F1BED0D9FDD51 /* Pods_PlayRTSP_Swift.framework in Frameworks */,
				C08619D7246FC7EE0018CFFC /* CoreMedia.framework in Frameworks */,
				C08619D3246FC7DD0018CFFC /* MediaPlayer.framework in Frameworks */,
				C08619D1246FC7D40018CFFC /* MobileCoreServices.framework in Frameworks */,
				C08619C5246FC78D0018CFFC /* IJKMediaFramework.framework in Frameworks */,
				C08619CB246FC7B90018CFFC /* VideoToolbox.framework in Frameworks */,
				C08619D9246FC7F70018CFFC /* CoreGraphics.framework in Frameworks */,
				C08619D5246FC7E50018CFFC /* CoreVideo.framework in Frameworks */,
				C08619DD246FC8060018CFFC /* AudioToolbox.framework in Frameworks */,
			);
			runOnlyForDeploymentPostprocessing = 0;
		};
/* End PBXFrameworksBuildPhase section */

/* Begin PBXGroup section */
		1464D0C488260B1E844C5015 /* Frameworks */ = {
			isa = PBXGroup;
			children = (
				C08619DC246FC8060018CFFC /* AudioToolbox.framework */,
				C08619DA246FC7FE0018CFFC /* AVFoundation.framework */,
				C08619D8246FC7F60018CFFC /* CoreGraphics.framework */,
				C08619D6246FC7EE0018CFFC /* CoreMedia.framework */,
				C08619D4246FC7E50018CFFC /* CoreVideo.framework */,
				C08619D2246FC7DD0018CFFC /* MediaPlayer.framework */,
				C08619D0246FC7D40018CFFC /* MobileCoreServices.framework */,
				C08619CE246FC7CB0018CFFC /* OpenGLES.framework */,
				C08619CC246FC7C20018CFFC /* QuartzCore.framework */,
				C08619CA246FC7B90018CFFC /* VideoToolbox.framework */,
				C08619C9246FC7A80018CFFC /* libz.tbd */,
				C08619C8246FC7A00018CFFC /* libbz2.tbd */,
				C08619C4246FC78D0018CFFC /* IJKMediaFramework.framework */,
				441757BB1EFAE095BC28D529 /* Pods_PlayRTSP_Swift.framework */,
			);
			name = Frameworks;
			sourceTree = "<group>";
		};
		174C3B0F1BCF9A1F9822E2E9 /* Pods */ = {
			isa = PBXGroup;
			children = (
				B2CD5EE45B856AA749E2103C /* Pods-PlayRTSP_Swift.debug.xcconfig */,
				991592DED1F0B82718E988F8 /* Pods-PlayRTSP_Swift.release.xcconfig */,
			);
			path = Pods;
			sourceTree = "<group>";
		};
		C086196D246FBC9D0018CFFC = {
			isa = PBXGroup;
			children = (
				C0861978246FBC9D0018CFFC /* PlayRTSP_Swift */,
				C0861977246FBC9D0018CFFC /* Products */,
				174C3B0F1BCF9A1F9822E2E9 /* Pods */,
				1464D0C488260B1E844C5015 /* Frameworks */,
			);
			sourceTree = "<group>";
		};
		C0861977246FBC9D0018CFFC /* Products */ = {
			isa = PBXGroup;
			children = (
				C0861976246FBC9D0018CFFC /* PlayRTSP_Swift.app */,
			);
			name = Products;
			sourceTree = "<group>";
		};
		C0861978246FBC9D0018CFFC /* PlayRTSP_Swift */ = {
			isa = PBXGroup;
			children = (
				C0861979246FBC9D0018CFFC /* AppDelegate.swift */,
				C0861994246FBD000018CFFC /* Assets */,
				C0861993246FBCF80018CFFC /* Models */,
				C0861992246FBCEE0018CFFC /* Services */,
				C0861991246FBCE70018CFFC /* Views */,
				C0861990246FBCDC0018CFFC /* Controllers */,
				C086198F246FBCD40018CFFC /* Extensions */,
				C086198E246FBCC70018CFFC /* Utils */,
				C086198D246FBCB90018CFFC /* Supporting Files */,
			);
			path = PlayRTSP_Swift;
			sourceTree = "<group>";
		};
		C086198D246FBCB90018CFFC /* Supporting Files */ = {
			isa = PBXGroup;
			children = (
				C0861987246FBC9E0018CFFC /* Info.plist */,
			);
			name = "Supporting Files";
			sourceTree = "<group>";
		};
		C086198E246FBCC70018CFFC /* Utils */ = {
			isa = PBXGroup;
			children = (
				C08619A0246FBE940018CFFC /* NibLoadable.swift */,
				C08619A2246FBEAD0018CFFC /* Path.swift */,
				C08619A4246FBEBD0018CFFC /* SegueHandlerType.swift */,
				C08619A6246FBED60018CFFC /* ThemeAdopting.swift */,
			);
			name = Utils;
			sourceTree = "<group>";
		};
		C086198F246FBCD40018CFFC /* Extensions */ = {
			isa = PBXGroup;
			children = (
				C0861996246FBDB50018CFFC /* CALayer+.swift */,
				C0861998246FBE1A0018CFFC /* UICollectionView+.swift */,
				C086199A246FBE3E0018CFFC /* UIImage+.swift */,
				C086199C246FBE5A0018CFFC /* UIView+.swift */,
				C086199E246FBE740018CFFC /* UIViewController+.swift */,
			);
			name = Extensions;
			sourceTree = "<group>";
		};
		C0861990246FBCDC0018CFFC /* Controllers */ = {
			isa = PBXGroup;
			children = (
				C0861995246FBD6D0018CFFC /* Base Controller */,
				C08619A8246FBF180018CFFC /* RTSPListViewController.swift */,
				C08619AA246FBF2C0018CFFC /* RTSPViewController.swift */,
			);
			name = Controllers;
			sourceTree = "<group>";
		};
		C0861991246FBCE70018CFFC /* Views */ = {
			isa = PBXGroup;
			children = (
				C08619AE246FBFB30018CFFC /* RTSPView.xib */,
				C08619AC246FBF9E0018CFFC /* RTSPView.swift */,
				C08619B0246FBFCF0018CFFC /* RTSPViewCell.swift */,
				C08619B2246FBFE90018CFFC /* XButton.swift */,
			);
			name = Views;
			sourceTree = "<group>";
		};
		C0861992246FBCEE0018CFFC /* Services */ = {
			isa = PBXGroup;
			children = (
				C08619B6246FC2D10018CFFC /* RealmProvider.swift */,
				C08619C2246FC7330018CFFC /* IJKMediaService.swift */,
			);
			name = Services;
			sourceTree = "<group>";
		};
		C0861993246FBCF80018CFFC /* Models */ = {
			isa = PBXGroup;
			children = (
				C08619B8246FC2F60018CFFC /* Entities */,
				C08619B9246FC3020018CFFC /* DataModel */,
				C08619B4246FC1950018CFFC /* GlobalConstants.swift */,
			);
			name = Models;
			sourceTree = "<group>";
		};
		C0861994246FBD000018CFFC /* Assets */ = {
			isa = PBXGroup;
			children = (
				C086197F246FBC9D0018CFFC /* Main.storyboard */,
				C0861984246FBC9E0018CFFC /* LaunchScreen.storyboard */,
				C0861982246FBC9E0018CFFC /* Assets.xcassets */,
			);
			path = Assets;
			sourceTree = "<group>";
		};
		C0861995246FBD6D0018CFFC /* Base Controller */ = {
			isa = PBXGroup;
			children = (
				C086197D246FBC9D0018CFFC /* ViewController.swift */,
			);
			path = "Base Controller";
			sourceTree = "<group>";
		};
		C08619B8246FC2F60018CFFC /* Entities */ = {
			isa = PBXGroup;
			children = (
				C08619BA246FC31C0018CFFC /* RTSPItem.swift */,
				C08619C0246FC70F0018CFFC /* IJKMediaItem.swift */,
			);
			name = Entities;
			sourceTree = "<group>";
		};
		C08619B9246FC3020018CFFC /* DataModel */ = {
			isa = PBXGroup;
			children = (
				C08619BC246FC33A0018CFFC /* RxModel.swift */,
				C08619BE246FC3520018CFFC /* RTSPItemModel.swift */,
			);
			name = DataModel;
			sourceTree = "<group>";
		};
/* End PBXGroup section */

/* Begin PBXNativeTarget section */
		C0861975246FBC9D0018CFFC /* PlayRTSP_Swift */ = {
			isa = PBXNativeTarget;
			buildConfigurationList = C086198A246FBC9E0018CFFC /* Build configuration list for PBXNativeTarget "PlayRTSP_Swift" */;
			buildPhases = (
				4C710CBBF66C83596CA35155 /* [CP] Check Pods Manifest.lock */,
				C0861972246FBC9D0018CFFC /* Sources */,
				C0861973246FBC9D0018CFFC /* Frameworks */,
				C0861974246FBC9D0018CFFC /* Resources */,
				EC96DDD58F38D5AEE5EDF70F /* [CP] Embed Pods Frameworks */,
				C08619C7246FC78D0018CFFC /* Embed Frameworks */,
			);
			buildRules = (
			);
			dependencies = (
			);
			name = PlayRTSP_Swift;
			productName = PlayRTSP_Swift;
			productReference = C0861976246FBC9D0018CFFC /* PlayRTSP_Swift.app */;
			productType = "com.apple.product-type.application";
		};
/* End PBXNativeTarget section */

/* Begin PBXProject section */
		C086196E246FBC9D0018CFFC /* Project object */ = {
			isa = PBXProject;
			attributes = {
				LastSwiftUpdateCheck = 1140;
				LastUpgradeCheck = 1140;
				ORGANIZATIONNAME = xander;
				TargetAttributes = {
					C0861975246FBC9D0018CFFC = {
						CreatedOnToolsVersion = 11.4.1;
					};
				};
			};
			buildConfigurationList = C0861971246FBC9D0018CFFC /* Build configuration list for PBXProject "PlayRTSP_Swift" */;
			compatibilityVersion = "Xcode 9.3";
			developmentRegion = en;
			hasScannedForEncodings = 0;
			knownRegions = (
				en,
				Base,
			);
			mainGroup = C086196D246FBC9D0018CFFC;
			productRefGroup = C0861977246FBC9D0018CFFC /* Products */;
			projectDirPath = "";
			projectRoot = "";
			targets = (
				C0861975246FBC9D0018CFFC /* PlayRTSP_Swift */,
			);
		};
/* End PBXProject section */

/* Begin PBXResourcesBuildPhase section */
		C0861974246FBC9D0018CFFC /* Resources */ = {
			isa = PBXResourcesBuildPhase;
			buildActionMask = 2147483647;
			files = (
				C0861986246FBC9E0018CFFC /* LaunchScreen.storyboard in Resources */,
				C08619AF246FBFB30018CFFC /* RTSPView.xib in Resources */,
				C0861983246FBC9E0018CFFC /* Assets.xcassets in Resources */,
				C0861981246FBC9D0018CFFC /* Main.storyboard in Resources */,
			);
			runOnlyForDeploymentPostprocessing = 0;
		};
/* End PBXResourcesBuildPhase section */

/* Begin PBXShellScriptBuildPhase section */
		4C710CBBF66C83596CA35155 /* [CP] Check Pods Manifest.lock */ = {
			isa = PBXShellScriptBuildPhase;
			buildActionMask = 2147483647;
			files = (
			);
			inputFileListPaths = (
			);
			inputPaths = (
				"${PODS_PODFILE_DIR_PATH}/Podfile.lock",
				"${PODS_ROOT}/Manifest.lock",
			);
			name = "[CP] Check Pods Manifest.lock";
			outputFileListPaths = (
			);
			outputPaths = (
				"$(DERIVED_FILE_DIR)/Pods-PlayRTSP_Swift-checkManifestLockResult.txt",
			);
			runOnlyForDeploymentPostprocessing = 0;
			shellPath = /bin/sh;
			shellScript = "diff \"${PODS_PODFILE_DIR_PATH}/Podfile.lock\" \"${PODS_ROOT}/Manifest.lock\" > /dev/null\nif [ $? != 0 ] ; then\n    # print error to STDERR\n    echo \"error: The sandbox is not in sync with the Podfile.lock. Run 'pod install' or update your CocoaPods installation.\" >&2\n    exit 1\nfi\n# This output is used by Xcode 'outputs' to avoid re-running this script phase.\necho \"SUCCESS\" > \"${SCRIPT_OUTPUT_FILE_0}\"\n";
			showEnvVarsInLog = 0;
		};
		EC96DDD58F38D5AEE5EDF70F /* [CP] Embed Pods Frameworks */ = {
			isa = PBXShellScriptBuildPhase;
			buildActionMask = 2147483647;
			files = (
			);
			inputFileListPaths = (
				"${PODS_ROOT}/Target Support Files/Pods-PlayRTSP_Swift/Pods-PlayRTSP_Swift-frameworks-${CONFIGURATION}-input-files.xcfilelist",
			);
			name = "[CP] Embed Pods Frameworks";
			outputFileListPaths = (
				"${PODS_ROOT}/Target Support Files/Pods-PlayRTSP_Swift/Pods-PlayRTSP_Swift-frameworks-${CONFIGURATION}-output-files.xcfilelist",
			);
			runOnlyForDeploymentPostprocessing = 0;
			shellPath = /bin/sh;
			shellScript = "\"${PODS_ROOT}/Target Support Files/Pods-PlayRTSP_Swift/Pods-PlayRTSP_Swift-frameworks.sh\"\n";
			showEnvVarsInLog = 0;
		};
/* End PBXShellScriptBuildPhase section */

/* Begin PBXSourcesBuildPhase section */
		C0861972246FBC9D0018CFFC /* Sources */ = {
			isa = PBXSourcesBuildPhase;
			buildActionMask = 2147483647;
			files = (
				C086199F246FBE740018CFFC /* UIViewController+.swift in Sources */,
				C08619A1246FBE940018CFFC /* NibLoadable.swift in Sources */,
				C086199D246FBE5A0018CFFC /* UIView+.swift in Sources */,
				C08619B1246FBFCF0018CFFC /* RTSPViewCell.swift in Sources */,
				C08619B5246FC1950018CFFC /* GlobalConstants.swift in Sources */,
				C08619A9246FBF180018CFFC /* RTSPListViewController.swift in Sources */,
				C086197E246FBC9D0018CFFC /* ViewController.swift in Sources */,
				C08619BF246FC3520018CFFC /* RTSPItemModel.swift in Sources */,
				C08619C1246FC70F0018CFFC /* IJKMediaItem.swift in Sources */,
				C0861997246FBDB50018CFFC /* CALayer+.swift in Sources */,
				C08619C3246FC7330018CFFC /* IJKMediaService.swift in Sources */,
				C08619B7246FC2D10018CFFC /* RealmProvider.swift in Sources */,
				C08619AB246FBF2C0018CFFC /* RTSPViewController.swift in Sources */,
				C086199B246FBE3E0018CFFC /* UIImage+.swift in Sources */,
				C0861999246FBE1A0018CFFC /* UICollectionView+.swift in Sources */,
				C08619BB246FC31C0018CFFC /* RTSPItem.swift in Sources */,
				C08619A3246FBEAD0018CFFC /* Path.swift in Sources */,
				C08619A7246FBED60018CFFC /* ThemeAdopting.swift in Sources */,
				C08619B3246FBFE90018CFFC /* XButton.swift in Sources */,
				C08619AD246FBF9E0018CFFC /* RTSPView.swift in Sources */,
				C08619A5246FBEBD0018CFFC /* SegueHandlerType.swift in Sources */,
				C086197A246FBC9D0018CFFC /* AppDelegate.swift in Sources */,
				C08619BD246FC33A0018CFFC /* RxModel.swift in Sources */,
			);
			runOnlyForDeploymentPostprocessing = 0;
		};
/* End PBXSourcesBuildPhase section */

/* Begin PBXVariantGroup section */
		C086197F246FBC9D0018CFFC /* Main.storyboard */ = {
			isa = PBXVariantGroup;
			children = (
				C0861980246FBC9D0018CFFC /* Base */,
			);
			name = Main.storyboard;
			sourceTree = "<group>";
		};
		C0861984246FBC9E0018CFFC /* LaunchScreen.storyboard */ = {
			isa = PBXVariantGroup;
			children = (
				C0861985246FBC9E0018CFFC /* Base */,
			);
			name = LaunchScreen.storyboard;
			sourceTree = "<group>";
		};
/* End PBXVariantGroup section */

/* Begin XCBuildConfiguration section */
		C0861988246FBC9E0018CFFC /* Debug */ = {
			isa = XCBuildConfiguration;
			buildSettings = {
				ALWAYS_SEARCH_USER_PATHS = NO;
				CLANG_ANALYZER_NONNULL = YES;
				CLANG_ANALYZER_NUMBER_OBJECT_CONVERSION = YES_AGGRESSIVE;
				CLANG_CXX_LANGUAGE_STANDARD = "gnu++14";
				CLANG_CXX_LIBRARY = "libc++";
				CLANG_ENABLE_MODULES = YES;
				CLANG_ENABLE_OBJC_ARC = YES;
				CLANG_ENABLE_OBJC_WEAK = YES;
				CLANG_WARN_BLOCK_CAPTURE_AUTORELEASING = YES;
				CLANG_WARN_BOOL_CONVERSION = YES;
				CLANG_WARN_COMMA = YES;
				CLANG_WARN_CONSTANT_CONVERSION = YES;
				CLANG_WARN_DEPRECATED_OBJC_IMPLEMENTATIONS = YES;
				CLANG_WARN_DIRECT_OBJC_ISA_USAGE = YES_ERROR;
				CLANG_WARN_DOCUMENTATION_COMMENTS = YES;
				CLANG_WARN_EMPTY_BODY = YES;
				CLANG_WARN_ENUM_CONVERSION = YES;
				CLANG_WARN_INFINITE_RECURSION = YES;
				CLANG_WARN_INT_CONVERSION = YES;
				CLANG_WARN_NON_LITERAL_NULL_CONVERSION = YES;
				CLANG_WARN_OBJC_IMPLICIT_RETAIN_SELF = YES;
				CLANG_WARN_OBJC_LITERAL_CONVERSION = YES;
				CLANG_WARN_OBJC_ROOT_CLASS = YES_ERROR;
				CLANG_WARN_RANGE_LOOP_ANALYSIS = YES;
				CLANG_WARN_STRICT_PROTOTYPES = YES;
				CLANG_WARN_SUSPICIOUS_MOVE = YES;
				CLANG_WARN_UNGUARDED_AVAILABILITY = YES_AGGRESSIVE;
				CLANG_WARN_UNREACHABLE_CODE = YES;
				CLANG_WARN__DUPLICATE_METHOD_MATCH = YES;
				COPY_PHASE_STRIP = NO;
				DEBUG_INFORMATION_FORMAT = dwarf;
				ENABLE_STRICT_OBJC_MSGSEND = YES;
				ENABLE_TESTABILITY = YES;
				GCC_C_LANGUAGE_STANDARD = gnu11;
				GCC_DYNAMIC_NO_PIC = NO;
				GCC_NO_COMMON_BLOCKS = YES;
				GCC_OPTIMIZATION_LEVEL = 0;
				GCC_PREPROCESSOR_DEFINITIONS = (
					"DEBUG=1",
					"$(inherited)",
				);
				GCC_WARN_64_TO_32_BIT_CONVERSION = YES;
				GCC_WARN_ABOUT_RETURN_TYPE = YES_ERROR;
				GCC_WARN_UNDECLARED_SELECTOR = YES;
				GCC_WARN_UNINITIALIZED_AUTOS = YES_AGGRESSIVE;
				GCC_WARN_UNUSED_FUNCTION = YES;
				GCC_WARN_UNUSED_VARIABLE = YES;
				IPHONEOS_DEPLOYMENT_TARGET = 13.4;
				MTL_ENABLE_DEBUG_INFO = INCLUDE_SOURCE;
				MTL_FAST_MATH = YES;
				ONLY_ACTIVE_ARCH = YES;
				SDKROOT = iphoneos;
				SWIFT_ACTIVE_COMPILATION_CONDITIONS = DEBUG;
				SWIFT_OPTIMIZATION_LEVEL = "-Onone";
			};
			name = Debug;
		};
		C0861989246FBC9E0018CFFC /* Release */ = {
			isa = XCBuildConfiguration;
			buildSettings = {
				ALWAYS_SEARCH_USER_PATHS = NO;
				CLANG_ANALYZER_NONNULL = YES;
				CLANG_ANALYZER_NUMBER_OBJECT_CONVERSION = YES_AGGRESSIVE;
				CLANG_CXX_LANGUAGE_STANDARD = "gnu++14";
				CLANG_CXX_LIBRARY = "libc++";
				CLANG_ENABLE_MODULES = YES;
				CLANG_ENABLE_OBJC_ARC = YES;
				CLANG_ENABLE_OBJC_WEAK = YES;
				CLANG_WARN_BLOCK_CAPTURE_AUTORELEASING = YES;
				CLANG_WARN_BOOL_CONVERSION = YES;
				CLANG_WARN_COMMA = YES;
				CLANG_WARN_CONSTANT_CONVERSION = YES;
				CLANG_WARN_DEPRECATED_OBJC_IMPLEMENTATIONS = YES;
				CLANG_WARN_DIRECT_OBJC_ISA_USAGE = YES_ERROR;
				CLANG_WARN_DOCUMENTATION_COMMENTS = YES;
				CLANG_WARN_EMPTY_BODY = YES;
				CLANG_WARN_ENUM_CONVERSION = YES;
				CLANG_WARN_INFINITE_RECURSION = YES;
				CLANG_WARN_INT_CONVERSION = YES;
				CLANG_WARN_NON_LITERAL_NULL_CONVERSION = YES;
				CLANG_WARN_OBJC_IMPLICIT_RETAIN_SELF = YES;
				CLANG_WARN_OBJC_LITERAL_CONVERSION = YES;
				CLANG_WARN_OBJC_ROOT_CLASS = YES_ERROR;
				CLANG_WARN_RANGE_LOOP_ANALYSIS = YES;
				CLANG_WARN_STRICT_PROTOTYPES = YES;
				CLANG_WARN_SUSPICIOUS_MOVE = YES;
				CLANG_WARN_UNGUARDED_AVAILABILITY = YES_AGGRESSIVE;
				CLANG_WARN_UNREACHABLE_CODE = YES;
				CLANG_WARN__DUPLICATE_METHOD_MATCH = YES;
				COPY_PHASE_STRIP = NO;
				DEBUG_INFORMATION_FORMAT = "dwarf-with-dsym";
				ENABLE_NS_ASSERTIONS = NO;
				ENABLE_STRICT_OBJC_MSGSEND = YES;
				GCC_C_LANGUAGE_STANDARD = gnu11;
				GCC_NO_COMMON_BLOCKS = YES;
				GCC_WARN_64_TO_32_BIT_CONVERSION = YES;
				GCC_WARN_ABOUT_RETURN_TYPE = YES_ERROR;
				GCC_WARN_UNDECLARED_SELECTOR = YES;
				GCC_WARN_UNINITIALIZED_AUTOS = YES_AGGRESSIVE;
				GCC_WARN_UNUSED_FUNCTION = YES;
				GCC_WARN_UNUSED_VARIABLE = YES;
				IPHONEOS_DEPLOYMENT_TARGET = 13.4;
				MTL_ENABLE_DEBUG_INFO = NO;
				MTL_FAST_MATH = YES;
				SDKROOT = iphoneos;
				SWIFT_COMPILATION_MODE = wholemodule;
				SWIFT_OPTIMIZATION_LEVEL = "-O";
				VALIDATE_PRODUCT = YES;
			};
			name = Release;
		};
		C086198B246FBC9E0018CFFC /* Debug */ = {
			isa = XCBuildConfiguration;
			baseConfigurationReference = B2CD5EE45B856AA749E2103C /* Pods-PlayRTSP_Swift.debug.xcconfig */;
			buildSettings = {
				ASSETCATALOG_COMPILER_APPICON_NAME = AppIcon;
				CODE_SIGN_STYLE = Automatic;
				DEVELOPMENT_TEAM = NCGTM97MB7;
				FRAMEWORK_SEARCH_PATHS = (
					"$(inherited)",
					"$(PROJECT_DIR)",
				);
				INFOPLIST_FILE = PlayRTSP_Swift/Info.plist;
				IPHONEOS_DEPLOYMENT_TARGET = 13.0;
				LD_RUNPATH_SEARCH_PATHS = (
					"$(inherited)",
					"@executable_path/Frameworks",
				);
				PRODUCT_BUNDLE_IDENTIFIER = "com.xander.PlayRTSP-Swift";
				PRODUCT_NAME = "$(TARGET_NAME)";
				SWIFT_VERSION = 5.0;
				TARGETED_DEVICE_FAMILY = 1;
			};
			name = Debug;
		};
		C086198C246FBC9E0018CFFC /* Release */ = {
			isa = XCBuildConfiguration;
			baseConfigurationReference = 991592DED1F0B82718E988F8 /* Pods-PlayRTSP_Swift.release.xcconfig */;
			buildSettings = {
				ASSETCATALOG_COMPILER_APPICON_NAME = AppIcon;
				CODE_SIGN_STYLE = Automatic;
				DEVELOPMENT_TEAM = NCGTM97MB7;
				FRAMEWORK_SEARCH_PATHS = (
					"$(inherited)",
					"$(PROJECT_DIR)",
				);
				INFOPLIST_FILE = PlayRTSP_Swift/Info.plist;
				IPHONEOS_DEPLOYMENT_TARGET = 13.0;
				LD_RUNPATH_SEARCH_PATHS = (
					"$(inherited)",
					"@executable_path/Frameworks",
				);
				PRODUCT_BUNDLE_IDENTIFIER = "com.xander.PlayRTSP-Swift";
				PRODUCT_NAME = "$(TARGET_NAME)";
				SWIFT_VERSION = 5.0;
				TARGETED_DEVICE_FAMILY = 1;
			};
			name = Release;
		};
/* End XCBuildConfiguration section */

/* Begin XCConfigurationList section */
		C0861971246FBC9D0018CFFC /* Build configuration list for PBXProject "PlayRTSP_Swift" */ = {
			isa = XCConfigurationList;
			buildConfigurations = (
				C0861988246FBC9E0018CFFC /* Debug */,
				C0861989246FBC9E0018CFFC /* Release */,
			);
			defaultConfigurationIsVisible = 0;
			defaultConfigurationName = Release;
		};
		C086198A246FBC9E0018CFFC /* Build configuration list for PBXNativeTarget "PlayRTSP_Swift" */ = {
			isa = XCConfigurationList;
			buildConfigurations = (
				C086198B246FBC9E0018CFFC /* Debug */,
				C086198C246FBC9E0018CFFC /* Release */,
			);
			defaultConfigurationIsVisible = 0;
			defaultConfigurationName = Release;
		};
/* End XCConfigurationList section */
	};
	rootObject = C086196E246FBC9D0018CFFC /* Project object */;
}
